
Microsoft Visual Studio Solution File, Format Version 12.00
# Visual Studio Version 17
VisualStudioVersion = 17.10.35122.118
MinimumVisualStudioVersion = 10.0.40219.1
Project("{9A19103F-16F7-4668-BE54-9A1E7A4F7556}") = "Cafeteria", "Cafeteria\Cafeteria.csproj", "{16F2ED2A-E137-4061-AAAB-BC60828BE03D}"
EndProject
Project("{9A19103F-16F7-4668-BE54-9A1E7A4F7556}") = "Business", "Business\Business.csproj", "{F1F6717F-2174-4F92-99BA-A3F0F4F00917}"
EndProject
Project("{9A19103F-16F7-4668-BE54-9A1E7A4F7556}") = "Repository", "Repository\Repository.csproj", "{E76FF527-5D2D-41A4-A500-F7E338E05677}"
EndProject
Project("{FAE04EC0-301F-11D3-BF4B-00C04F79EFBC}") = "TestRepositories", "TestRepositories\TestRepositories.csproj", "{37540123-ABB2-49D3-9C05-9E626870FD05}"
EndProject
Global
	GlobalSection(SolutionConfigurationPlatforms) = preSolution
		Debug|Any CPU = Debug|Any CPU
		Release|Any CPU = Release|Any CPU
	EndGlobalSection
	GlobalSection(ProjectConfigurationPlatforms) = postSolution
		{16F2ED2A-E137-4061-AAAB-BC60828BE03D}.Debug|Any CPU.ActiveCfg = Debug|Any CPU
		{16F2ED2A-E137-4061-AAAB-BC60828BE03D}.Debug|Any CPU.Build.0 = Debug|Any CPU
		{16F2ED2A-E137-4061-AAAB-BC60828BE03D}.Release|Any CPU.ActiveCfg = Release|Any CPU
		{16F2ED2A-E137-4061-AAAB-BC60828BE03D}.Release|Any CPU.Build.0 = Release|Any CPU
		{F1F6717F-2174-4F92-99BA-A3F0F4F00917}.Debug|Any CPU.ActiveCfg = Debug|Any CPU
		{F1F6717F-2174-4F92-99BA-A3F0F4F00917}.Debug|Any CPU.Build.0 = Debug|Any CPU
		{F1F6717F-2174-4F92-99BA-A3F0F4F00917}.Release|Any CPU.ActiveCfg = Release|Any CPU
		{F1F6717F-2174-4F92-99BA-A3F0F4F00917}.Release|Any CPU.Build.0 = Release|Any CPU
		{E76FF527-5D2D-41A4-A500-F7E338E05677}.Debug|Any CPU.ActiveCfg = Debug|Any CPU
		{E76FF527-5D2D-41A4-A500-F7E338E05677}.Debug|Any CPU.Build.0 = Debug|Any CPU
		{E76FF527-5D2D-41A4-A500-F7E338E05677}.Release|Any CPU.ActiveCfg = Release|Any CPU
		{E76FF527-5D2D-41A4-A500-F7E338E05677}.Release|Any CPU.Build.0 = Release|Any CPU
		{37540123-ABB2-49D3-9C05-9E626870FD05}.Debug|Any CPU.ActiveCfg = Debug|Any CPU
		{37540123-ABB2-49D3-9C05-9E626870FD05}.Debug|Any CPU.Build.0 = Debug|Any CPU
		{37540123-ABB2-49D3-9C05-9E626870FD05}.Release|Any CPU.ActiveCfg = Release|Any CPU
		{37540123-ABB2-49D3-9C05-9E626870FD05}.Release|Any CPU.Build.0 = Release|Any CPU
	EndGlobalSection
	GlobalSection(SolutionProperties) = preSolution
		HideSolutionNode = FALSE
	EndGlobalSection
	GlobalSection(ExtensibilityGlobals) = postSolution
		SolutionGuid = {CA5EAED6-0FBA-4E79-9493-91AA20D7E352}
	EndGlobalSection
EndGlobal
